
Microsoft Visual Studio Solution File, Format Version 12.00
# Visual Studio Version 16
VisualStudioVersion = 16.0.29102.190
MinimumVisualStudioVersion = 10.0.40219.1
Project("{2150E333-8FDC-42A3-9474-1A3956D46DE8}") = "Products", "Products", "{2CD00E5D-AD91-46AE-8953-9E72C7707E1F}"
EndProject
Project("{9A19103F-16F7-4668-BE54-9A1E7A4F7556}") = "Products.Catalog", "Products\Products.Catalog\Products.Catalog.csproj", "{3582F620-3800-4EC2-BC91-D2267340F82A}"
EndProject
Project("{2150E333-8FDC-42A3-9474-1A3956D46DE8}") = "Checkout", "Checkout", "{AA21C0FA-8ECC-41AC-B5DA-37CA0FB60036}"
EndProject
Project("{9A19103F-16F7-4668-BE54-9A1E7A4F7556}") = "Checkout.Cart", "Checkout\Checkout.Cart\Checkout.Cart.csproj", "{F3426EC9-F762-4525-BB44-16F2B33C8A2F}"
EndProject
Project("{9A19103F-16F7-4668-BE54-9A1E7A4F7556}") = "Checkout.Orders", "Checkout\Checkout.Orders\Checkout.Orders.csproj", "{A786663A-6B96-48A4-943F-E23B01B3681C}"
EndProject
Project("{9A19103F-16F7-4668-BE54-9A1E7A4F7556}") = "Checkout.Orders.Contracts", "Checkout\Checkout.Orders.Contracts\Checkout.Orders.Contracts.csproj", "{9559D84D-C734-4A2E-A9A3-7EF2E1B30818}"
EndProject
Project("{9A19103F-16F7-4668-BE54-9A1E7A4F7556}") = "Checkout.Cart.Contracts", "Checkout\Checkout.Cart.Contracts\Checkout.Cart.Contracts.csproj", "{1FFDAA04-AF7E-4813-932E-87947CBBEE8D}"
EndProject
Project("{9A19103F-16F7-4668-BE54-9A1E7A4F7556}") = "Checkout.Payments", "Checkout\Checkout.Payments\Checkout.Payments.csproj", "{26D90BE3-6BE7-453B-8481-9E36DB2303E3}"
EndProject
Project("{9A19103F-16F7-4668-BE54-9A1E7A4F7556}") = "Checkout.Payments.Contracts", "Checkout\Checkout.Payments.Contracts\Checkout.Payments.Contracts.csproj", "{700B70DF-5177-40B2-B013-EFAF10D038DB}"
EndProject
Project("{9A19103F-16F7-4668-BE54-9A1E7A4F7556}") = "Products.Search", "Products\Products.Search\Products.Search.csproj", "{CE9357A4-00A4-4117-A102-E8C41F35C99A}"
EndProject
Project("{2150E333-8FDC-42A3-9474-1A3956D46DE8}") = "Identity", "Identity", "{14E3C3CF-7F37-4658-A10C-EEB66AB6E137}"
EndProject
Project("{9A19103F-16F7-4668-BE54-9A1E7A4F7556}") = "Identity.Api", "Identity\Identity.Api\Identity.Api.csproj", "{37DA96F5-2C5D-496E-B2BA-B6A88B67D208}"
EndProject
Project("{9A19103F-16F7-4668-BE54-9A1E7A4F7556}") = "Products.Photos", "Products\Products.Photos\Products.Photos.csproj", "{D170CF0A-C96A-4E44-9732-E57D651A489A}"
EndProject
Project("{9A19103F-16F7-4668-BE54-9A1E7A4F7556}") = "Products.Catalog.Contracts", "Products\Products.Catalog.Contracts\Products.Catalog.Contracts.csproj", "{7B334328-804E-4901-B859-1A2A103A5D1E}"
EndProject
Project("{2150E333-8FDC-42A3-9474-1A3956D46DE8}") = "External", "External", "{6751E5DB-00DE-404D-B83B-C8D8C8B9165E}"
EndProject
Project("{9A19103F-16F7-4668-BE54-9A1E7A4F7556}") = "External.FrontApiGateway", "External\External.FrontApiGateway\External.FrontApiGateway.csproj", "{80167AB0-5DC7-409A-8006-AEC73B4F5271}"
EndProject
Project("{FAE04EC0-301F-11D3-BF4B-00C04F79EFBC}") = "Identity.Contracts", "Identity\Identity.Contracts\Identity.Contracts.csproj", "{394EEED5-E4D0-48D3-8711-1855D77F8519}"
EndProject
Project("{FAE04EC0-301F-11D3-BF4B-00C04F79EFBC}") = "Products.Photos.Contracts", "Products\Products.Photos.Contracts\Products.Photos.Contracts.csproj", "{9917BCDF-A0D3-4FEF-8D87-7FB4A67DC439}"
EndProject
Project("{2150E333-8FDC-42A3-9474-1A3956D46DE8}") = "Common", "Common", "{5E5D65A8-67E9-4A5F-816E-2E0A718036B4}"
EndProject
Project("{FAE04EC0-301F-11D3-BF4B-00C04F79EFBC}") = "Common.EmailSender", "Common\Common.EmailSender\Common.EmailSender.csproj", "{54A0D5D1-FB64-4637-B43B-D74F9398AC35}"
EndProject
Global
	GlobalSection(SolutionConfigurationPlatforms) = preSolution
		Debug|Any CPU = Debug|Any CPU
		Release|Any CPU = Release|Any CPU
	EndGlobalSection
	GlobalSection(ProjectConfigurationPlatforms) = postSolution
		{3582F620-3800-4EC2-BC91-D2267340F82A}.Debug|Any CPU.ActiveCfg = Debug|Any CPU
		{3582F620-3800-4EC2-BC91-D2267340F82A}.Debug|Any CPU.Build.0 = Debug|Any CPU
		{3582F620-3800-4EC2-BC91-D2267340F82A}.Release|Any CPU.ActiveCfg = Release|Any CPU
		{3582F620-3800-4EC2-BC91-D2267340F82A}.Release|Any CPU.Build.0 = Release|Any CPU
		{F3426EC9-F762-4525-BB44-16F2B33C8A2F}.Debug|Any CPU.ActiveCfg = Debug|Any CPU
		{F3426EC9-F762-4525-BB44-16F2B33C8A2F}.Debug|Any CPU.Build.0 = Debug|Any CPU
		{F3426EC9-F762-4525-BB44-16F2B33C8A2F}.Release|Any CPU.ActiveCfg = Release|Any CPU
		{F3426EC9-F762-4525-BB44-16F2B33C8A2F}.Release|Any CPU.Build.0 = Release|Any CPU
		{A786663A-6B96-48A4-943F-E23B01B3681C}.Debug|Any CPU.ActiveCfg = Debug|Any CPU
		{A786663A-6B96-48A4-943F-E23B01B3681C}.Debug|Any CPU.Build.0 = Debug|Any CPU
		{A786663A-6B96-48A4-943F-E23B01B3681C}.Release|Any CPU.ActiveCfg = Release|Any CPU
		{A786663A-6B96-48A4-943F-E23B01B3681C}.Release|Any CPU.Build.0 = Release|Any CPU
		{9559D84D-C734-4A2E-A9A3-7EF2E1B30818}.Debug|Any CPU.ActiveCfg = Debug|Any CPU
		{9559D84D-C734-4A2E-A9A3-7EF2E1B30818}.Debug|Any CPU.Build.0 = Debug|Any CPU
		{9559D84D-C734-4A2E-A9A3-7EF2E1B30818}.Release|Any CPU.ActiveCfg = Release|Any CPU
		{9559D84D-C734-4A2E-A9A3-7EF2E1B30818}.Release|Any CPU.Build.0 = Release|Any CPU
		{1FFDAA04-AF7E-4813-932E-87947CBBEE8D}.Debug|Any CPU.ActiveCfg = Debug|Any CPU
		{1FFDAA04-AF7E-4813-932E-87947CBBEE8D}.Debug|Any CPU.Build.0 = Debug|Any CPU
		{1FFDAA04-AF7E-4813-932E-87947CBBEE8D}.Release|Any CPU.ActiveCfg = Release|Any CPU
		{1FFDAA04-AF7E-4813-932E-87947CBBEE8D}.Release|Any CPU.Build.0 = Release|Any CPU
		{26D90BE3-6BE7-453B-8481-9E36DB2303E3}.Debug|Any CPU.ActiveCfg = Debug|Any CPU
		{26D90BE3-6BE7-453B-8481-9E36DB2303E3}.Debug|Any CPU.Build.0 = Debug|Any CPU
		{26D90BE3-6BE7-453B-8481-9E36DB2303E3}.Release|Any CPU.ActiveCfg = Release|Any CPU
		{26D90BE3-6BE7-453B-8481-9E36DB2303E3}.Release|Any CPU.Build.0 = Release|Any CPU
		{700B70DF-5177-40B2-B013-EFAF10D038DB}.Debug|Any CPU.ActiveCfg = Debug|Any CPU
		{700B70DF-5177-40B2-B013-EFAF10D038DB}.Debug|Any CPU.Build.0 = Debug|Any CPU
		{700B70DF-5177-40B2-B013-EFAF10D038DB}.Release|Any CPU.ActiveCfg = Release|Any CPU
		{700B70DF-5177-40B2-B013-EFAF10D038DB}.Release|Any CPU.Build.0 = Release|Any CPU
		{CE9357A4-00A4-4117-A102-E8C41F35C99A}.Debug|Any CPU.ActiveCfg = Debug|Any CPU
		{CE9357A4-00A4-4117-A102-E8C41F35C99A}.Debug|Any CPU.Build.0 = Debug|Any CPU
		{CE9357A4-00A4-4117-A102-E8C41F35C99A}.Release|Any CPU.ActiveCfg = Release|Any CPU
		{CE9357A4-00A4-4117-A102-E8C41F35C99A}.Release|Any CPU.Build.0 = Release|Any CPU
		{37DA96F5-2C5D-496E-B2BA-B6A88B67D208}.Debug|Any CPU.ActiveCfg = Debug|Any CPU
		{37DA96F5-2C5D-496E-B2BA-B6A88B67D208}.Debug|Any CPU.Build.0 = Debug|Any CPU
		{37DA96F5-2C5D-496E-B2BA-B6A88B67D208}.Release|Any CPU.ActiveCfg = Release|Any CPU
		{37DA96F5-2C5D-496E-B2BA-B6A88B67D208}.Release|Any CPU.Build.0 = Release|Any CPU
		{D170CF0A-C96A-4E44-9732-E57D651A489A}.Debug|Any CPU.ActiveCfg = Debug|Any CPU
		{D170CF0A-C96A-4E44-9732-E57D651A489A}.Debug|Any CPU.Build.0 = Debug|Any CPU
		{D170CF0A-C96A-4E44-9732-E57D651A489A}.Release|Any CPU.ActiveCfg = Release|Any CPU
		{D170CF0A-C96A-4E44-9732-E57D651A489A}.Release|Any CPU.Build.0 = Release|Any CPU
		{7B334328-804E-4901-B859-1A2A103A5D1E}.Debug|Any CPU.ActiveCfg = Debug|Any CPU
		{7B334328-804E-4901-B859-1A2A103A5D1E}.Debug|Any CPU.Build.0 = Debug|Any CPU
		{7B334328-804E-4901-B859-1A2A103A5D1E}.Release|Any CPU.ActiveCfg = Release|Any CPU
		{7B334328-804E-4901-B859-1A2A103A5D1E}.Release|Any CPU.Build.0 = Release|Any CPU
		{80167AB0-5DC7-409A-8006-AEC73B4F5271}.Debug|Any CPU.ActiveCfg = Debug|Any CPU
		{80167AB0-5DC7-409A-8006-AEC73B4F5271}.Debug|Any CPU.Build.0 = Debug|Any CPU
		{80167AB0-5DC7-409A-8006-AEC73B4F5271}.Release|Any CPU.ActiveCfg = Release|Any CPU
		{80167AB0-5DC7-409A-8006-AEC73B4F5271}.Release|Any CPU.Build.0 = Release|Any CPU
		{394EEED5-E4D0-48D3-8711-1855D77F8519}.Debug|Any CPU.ActiveCfg = Debug|Any CPU
		{394EEED5-E4D0-48D3-8711-1855D77F8519}.Debug|Any CPU.Build.0 = Debug|Any CPU
		{394EEED5-E4D0-48D3-8711-1855D77F8519}.Release|Any CPU.ActiveCfg = Release|Any CPU
		{394EEED5-E4D0-48D3-8711-1855D77F8519}.Release|Any CPU.Build.0 = Release|Any CPU
		{9917BCDF-A0D3-4FEF-8D87-7FB4A67DC439}.Debug|Any CPU.ActiveCfg = Debug|Any CPU
		{9917BCDF-A0D3-4FEF-8D87-7FB4A67DC439}.Debug|Any CPU.Build.0 = Debug|Any CPU
		{9917BCDF-A0D3-4FEF-8D87-7FB4A67DC439}.Release|Any CPU.ActiveCfg = Release|Any CPU
		{9917BCDF-A0D3-4FEF-8D87-7FB4A67DC439}.Release|Any CPU.Build.0 = Release|Any CPU
		{54A0D5D1-FB64-4637-B43B-D74F9398AC35}.Debug|Any CPU.ActiveCfg = Debug|Any CPU
		{54A0D5D1-FB64-4637-B43B-D74F9398AC35}.Debug|Any CPU.Build.0 = Debug|Any CPU
		{54A0D5D1-FB64-4637-B43B-D74F9398AC35}.Release|Any CPU.ActiveCfg = Release|Any CPU
		{54A0D5D1-FB64-4637-B43B-D74F9398AC35}.Release|Any CPU.Build.0 = Release|Any CPU
	EndGlobalSection
	GlobalSection(SolutionProperties) = preSolution
		HideSolutionNode = FALSE
	EndGlobalSection
	GlobalSection(NestedProjects) = preSolution
		{3582F620-3800-4EC2-BC91-D2267340F82A} = {2CD00E5D-AD91-46AE-8953-9E72C7707E1F}
		{F3426EC9-F762-4525-BB44-16F2B33C8A2F} = {AA21C0FA-8ECC-41AC-B5DA-37CA0FB60036}
		{A786663A-6B96-48A4-943F-E23B01B3681C} = {AA21C0FA-8ECC-41AC-B5DA-37CA0FB60036}
		{9559D84D-C734-4A2E-A9A3-7EF2E1B30818} = {AA21C0FA-8ECC-41AC-B5DA-37CA0FB60036}
		{1FFDAA04-AF7E-4813-932E-87947CBBEE8D} = {AA21C0FA-8ECC-41AC-B5DA-37CA0FB60036}
		{26D90BE3-6BE7-453B-8481-9E36DB2303E3} = {AA21C0FA-8ECC-41AC-B5DA-37CA0FB60036}
		{700B70DF-5177-40B2-B013-EFAF10D038DB} = {AA21C0FA-8ECC-41AC-B5DA-37CA0FB60036}
		{CE9357A4-00A4-4117-A102-E8C41F35C99A} = {2CD00E5D-AD91-46AE-8953-9E72C7707E1F}
		{37DA96F5-2C5D-496E-B2BA-B6A88B67D208} = {14E3C3CF-7F37-4658-A10C-EEB66AB6E137}
		{D170CF0A-C96A-4E44-9732-E57D651A489A} = {2CD00E5D-AD91-46AE-8953-9E72C7707E1F}
		{7B334328-804E-4901-B859-1A2A103A5D1E} = {2CD00E5D-AD91-46AE-8953-9E72C7707E1F}
		{80167AB0-5DC7-409A-8006-AEC73B4F5271} = {6751E5DB-00DE-404D-B83B-C8D8C8B9165E}
		{394EEED5-E4D0-48D3-8711-1855D77F8519} = {14E3C3CF-7F37-4658-A10C-EEB66AB6E137}
		{9917BCDF-A0D3-4FEF-8D87-7FB4A67DC439} = {2CD00E5D-AD91-46AE-8953-9E72C7707E1F}
		{54A0D5D1-FB64-4637-B43B-D74F9398AC35} = {5E5D65A8-67E9-4A5F-816E-2E0A718036B4}
	EndGlobalSection
	GlobalSection(ExtensibilityGlobals) = postSolution
		SolutionGuid = {8C575CDF-D115-4614-9D15-118A41B84866}
	EndGlobalSection
EndGlobal
