
Microsoft Visual Studio Solution File, Format Version 12.00
# Visual Studio 15
VisualStudioVersion = 15.0.28307.136
MinimumVisualStudioVersion = 10.0.40219.1
Project("{2150E333-8FDC-42A3-9474-1A3956D46DE8}") = "Products", "Products", "{2CD00E5D-AD91-46AE-8953-9E72C7707E1F}"
EndProject
Project("{9A19103F-16F7-4668-BE54-9A1E7A4F7556}") = "Products.Catalog", "Products\Products.Catalog\Products.Catalog.csproj", "{3582F620-3800-4EC2-BC91-D2267340F82A}"
EndProject
Project("{2150E333-8FDC-42A3-9474-1A3956D46DE8}") = "Checkout", "Checkout", "{AA21C0FA-8ECC-41AC-B5DA-37CA0FB60036}"
EndProject
Project("{9A19103F-16F7-4668-BE54-9A1E7A4F7556}") = "Checkout.Cart", "Checkout\Checkout.Cart\Checkout.Cart.csproj", "{F3426EC9-F762-4525-BB44-16F2B33C8A2F}"
EndProject
Project("{9A19103F-16F7-4668-BE54-9A1E7A4F7556}") = "Checkout.Orders", "Checkout\Checkout.Orders\Checkout.Orders.csproj", "{A786663A-6B96-48A4-943F-E23B01B3681C}"
EndProject
Project("{FAE04EC0-301F-11D3-BF4B-00C04F79EFBC}") = "Checkout.Orders.Contracts", "Checkout\Checkout.Orders.Contracts\Checkout.Orders.Contracts.csproj", "{9559D84D-C734-4A2E-A9A3-7EF2E1B30818}"
EndProject
Project("{FAE04EC0-301F-11D3-BF4B-00C04F79EFBC}") = "Checkout.Cart.Contracts", "Checkout\Checkout.Cart.Contracts\Checkout.Cart.Contracts.csproj", "{1FFDAA04-AF7E-4813-932E-87947CBBEE8D}"
EndProject
Global
	GlobalSection(SolutionConfigurationPlatforms) = preSolution
		Debug|Any CPU = Debug|Any CPU
		Release|Any CPU = Release|Any CPU
	EndGlobalSection
	GlobalSection(ProjectConfigurationPlatforms) = postSolution
		{3582F620-3800-4EC2-BC91-D2267340F82A}.Debug|Any CPU.ActiveCfg = Debug|Any CPU
		{3582F620-3800-4EC2-BC91-D2267340F82A}.Debug|Any CPU.Build.0 = Debug|Any CPU
		{3582F620-3800-4EC2-BC91-D2267340F82A}.Release|Any CPU.ActiveCfg = Release|Any CPU
		{3582F620-3800-4EC2-BC91-D2267340F82A}.Release|Any CPU.Build.0 = Release|Any CPU
		{F3426EC9-F762-4525-BB44-16F2B33C8A2F}.Debug|Any CPU.ActiveCfg = Debug|Any CPU
		{F3426EC9-F762-4525-BB44-16F2B33C8A2F}.Debug|Any CPU.Build.0 = Debug|Any CPU
		{F3426EC9-F762-4525-BB44-16F2B33C8A2F}.Release|Any CPU.ActiveCfg = Release|Any CPU
		{F3426EC9-F762-4525-BB44-16F2B33C8A2F}.Release|Any CPU.Build.0 = Release|Any CPU
		{A786663A-6B96-48A4-943F-E23B01B3681C}.Debug|Any CPU.ActiveCfg = Debug|Any CPU
		{A786663A-6B96-48A4-943F-E23B01B3681C}.Debug|Any CPU.Build.0 = Debug|Any CPU
		{A786663A-6B96-48A4-943F-E23B01B3681C}.Release|Any CPU.ActiveCfg = Release|Any CPU
		{A786663A-6B96-48A4-943F-E23B01B3681C}.Release|Any CPU.Build.0 = Release|Any CPU
		{9559D84D-C734-4A2E-A9A3-7EF2E1B30818}.Debug|Any CPU.ActiveCfg = Debug|Any CPU
		{9559D84D-C734-4A2E-A9A3-7EF2E1B30818}.Debug|Any CPU.Build.0 = Debug|Any CPU
		{9559D84D-C734-4A2E-A9A3-7EF2E1B30818}.Release|Any CPU.ActiveCfg = Release|Any CPU
		{9559D84D-C734-4A2E-A9A3-7EF2E1B30818}.Release|Any CPU.Build.0 = Release|Any CPU
		{1FFDAA04-AF7E-4813-932E-87947CBBEE8D}.Debug|Any CPU.ActiveCfg = Debug|Any CPU
		{1FFDAA04-AF7E-4813-932E-87947CBBEE8D}.Debug|Any CPU.Build.0 = Debug|Any CPU
		{1FFDAA04-AF7E-4813-932E-87947CBBEE8D}.Release|Any CPU.ActiveCfg = Release|Any CPU
		{1FFDAA04-AF7E-4813-932E-87947CBBEE8D}.Release|Any CPU.Build.0 = Release|Any CPU
	EndGlobalSection
	GlobalSection(SolutionProperties) = preSolution
		HideSolutionNode = FALSE
	EndGlobalSection
	GlobalSection(NestedProjects) = preSolution
		{3582F620-3800-4EC2-BC91-D2267340F82A} = {2CD00E5D-AD91-46AE-8953-9E72C7707E1F}
		{F3426EC9-F762-4525-BB44-16F2B33C8A2F} = {AA21C0FA-8ECC-41AC-B5DA-37CA0FB60036}
		{A786663A-6B96-48A4-943F-E23B01B3681C} = {AA21C0FA-8ECC-41AC-B5DA-37CA0FB60036}
		{9559D84D-C734-4A2E-A9A3-7EF2E1B30818} = {AA21C0FA-8ECC-41AC-B5DA-37CA0FB60036}
		{1FFDAA04-AF7E-4813-932E-87947CBBEE8D} = {AA21C0FA-8ECC-41AC-B5DA-37CA0FB60036}
	EndGlobalSection
	GlobalSection(ExtensibilityGlobals) = postSolution
		SolutionGuid = {8C575CDF-D115-4614-9D15-118A41B84866}
	EndGlobalSection
EndGlobal
